
Microsoft Visual Studio Solution File, Format Version 12.00
# Visual Studio Version 17
VisualStudioVersion = 17.0.31903.59
MinimumVisualStudioVersion = 10.0.40219.1
Project("{2150E333-8FDC-42A3-9474-1A3956D46DE8}") = "src", "src", "{827E0CD3-B72D-47B6-A68D-7590B98EB39B}"
EndProject
Project("{FAE04EC0-301F-11D3-BF4B-00C04F79EFBC}") = "Labs.Runtime.Api", "src\Labs.Runtime.Api\Labs.Runtime.Api.csproj", "{9E3A2C5A-0EAE-4727-A188-356D87C8B134}"
EndProject
Project("{FAE04EC0-301F-11D3-BF4B-00C04F79EFBC}") = "Labs.Runtime.Core", "src\Labs.Runtime.Core\Labs.Runtime.Core.csproj", "{CC546D45-B43E-46E9-9C86-1FAB3A79B59A}"
EndProject
Project("{FAE04EC0-301F-11D3-BF4B-00C04F79EFBC}") = "Labs.Runtime.Infrastructure", "src\Labs.Runtime.Infrastructure\Labs.Runtime.Infrastructure.csproj", "{BE2AE572-494D-41B4-86BF-8C11E4F50369}"
EndProject
Project("{2150E333-8FDC-42A3-9474-1A3956D46DE8}") = "tests", "tests", "{0AB3BF05-4346-4AA6-1389-037BE0695223}"
EndProject
Project("{FAE04EC0-301F-11D3-BF4B-00C04F79EFBC}") = "Labs.Runtime.Tests", "tests\Labs.Runtime.Tests\Labs.Runtime.Tests.csproj", "{C4C69AE2-200D-4164-8E1A-C2C19ED1C55C}"
EndProject
Project("{FAE04EC0-301F-11D3-BF4B-00C04F79EFBC}") = "Labs.Runtime.Application", "src\Labs.Runtime.Application\Labs.Runtime.Application.csproj", "{FCFFCCDE-13E3-4707-AEDD-ABABA3F599FF}"
EndProject
Global
	GlobalSection(SolutionConfigurationPlatforms) = preSolution
		Debug|Any CPU = Debug|Any CPU
		Debug|x64 = Debug|x64
		Debug|x86 = Debug|x86
		Release|Any CPU = Release|Any CPU
		Release|x64 = Release|x64
		Release|x86 = Release|x86
	EndGlobalSection
	GlobalSection(ProjectConfigurationPlatforms) = postSolution
		{9E3A2C5A-0EAE-4727-A188-356D87C8B134}.Debug|Any CPU.ActiveCfg = Debug|Any CPU
		{9E3A2C5A-0EAE-4727-A188-356D87C8B134}.Debug|Any CPU.Build.0 = Debug|Any CPU
		{9E3A2C5A-0EAE-4727-A188-356D87C8B134}.Debug|x64.ActiveCfg = Debug|Any CPU
		{9E3A2C5A-0EAE-4727-A188-356D87C8B134}.Debug|x64.Build.0 = Debug|Any CPU
		{9E3A2C5A-0EAE-4727-A188-356D87C8B134}.Debug|x86.ActiveCfg = Debug|Any CPU
		{9E3A2C5A-0EAE-4727-A188-356D87C8B134}.Debug|x86.Build.0 = Debug|Any CPU
		{9E3A2C5A-0EAE-4727-A188-356D87C8B134}.Release|Any CPU.ActiveCfg = Release|Any CPU
		{9E3A2C5A-0EAE-4727-A188-356D87C8B134}.Release|Any CPU.Build.0 = Release|Any CPU
		{9E3A2C5A-0EAE-4727-A188-356D87C8B134}.Release|x64.ActiveCfg = Release|Any CPU
		{9E3A2C5A-0EAE-4727-A188-356D87C8B134}.Release|x64.Build.0 = Release|Any CPU
		{9E3A2C5A-0EAE-4727-A188-356D87C8B134}.Release|x86.ActiveCfg = Release|Any CPU
		{9E3A2C5A-0EAE-4727-A188-356D87C8B134}.Release|x86.Build.0 = Release|Any CPU
		{CC546D45-B43E-46E9-9C86-1FAB3A79B59A}.Debug|Any CPU.ActiveCfg = Debug|Any CPU
		{CC546D45-B43E-46E9-9C86-1FAB3A79B59A}.Debug|Any CPU.Build.0 = Debug|Any CPU
		{CC546D45-B43E-46E9-9C86-1FAB3A79B59A}.Debug|x64.ActiveCfg = Debug|Any CPU
		{CC546D45-B43E-46E9-9C86-1FAB3A79B59A}.Debug|x64.Build.0 = Debug|Any CPU
		{CC546D45-B43E-46E9-9C86-1FAB3A79B59A}.Debug|x86.ActiveCfg = Debug|Any CPU
		{CC546D45-B43E-46E9-9C86-1FAB3A79B59A}.Debug|x86.Build.0 = Debug|Any CPU
		{CC546D45-B43E-46E9-9C86-1FAB3A79B59A}.Release|Any CPU.ActiveCfg = Release|Any CPU
		{CC546D45-B43E-46E9-9C86-1FAB3A79B59A}.Release|Any CPU.Build.0 = Release|Any CPU
		{CC546D45-B43E-46E9-9C86-1FAB3A79B59A}.Release|x64.ActiveCfg = Release|Any CPU
		{CC546D45-B43E-46E9-9C86-1FAB3A79B59A}.Release|x64.Build.0 = Release|Any CPU
		{CC546D45-B43E-46E9-9C86-1FAB3A79B59A}.Release|x86.ActiveCfg = Release|Any CPU
		{CC546D45-B43E-46E9-9C86-1FAB3A79B59A}.Release|x86.Build.0 = Release|Any CPU
		{BE2AE572-494D-41B4-86BF-8C11E4F50369}.Debug|Any CPU.ActiveCfg = Debug|Any CPU
		{BE2AE572-494D-41B4-86BF-8C11E4F50369}.Debug|Any CPU.Build.0 = Debug|Any CPU
		{BE2AE572-494D-41B4-86BF-8C11E4F50369}.Debug|x64.ActiveCfg = Debug|Any CPU
		{BE2AE572-494D-41B4-86BF-8C11E4F50369}.Debug|x64.Build.0 = Debug|Any CPU
		{BE2AE572-494D-41B4-86BF-8C11E4F50369}.Debug|x86.ActiveCfg = Debug|Any CPU
		{BE2AE572-494D-41B4-86BF-8C11E4F50369}.Debug|x86.Build.0 = Debug|Any CPU
		{BE2AE572-494D-41B4-86BF-8C11E4F50369}.Release|Any CPU.ActiveCfg = Release|Any CPU
		{BE2AE572-494D-41B4-86BF-8C11E4F50369}.Release|Any CPU.Build.0 = Release|Any CPU
		{BE2AE572-494D-41B4-86BF-8C11E4F50369}.Release|x64.ActiveCfg = Release|Any CPU
		{BE2AE572-494D-41B4-86BF-8C11E4F50369}.Release|x64.Build.0 = Release|Any CPU
		{BE2AE572-494D-41B4-86BF-8C11E4F50369}.Release|x86.ActiveCfg = Release|Any CPU
		{BE2AE572-494D-41B4-86BF-8C11E4F50369}.Release|x86.Build.0 = Release|Any CPU
		{C4C69AE2-200D-4164-8E1A-C2C19ED1C55C}.Debug|Any CPU.ActiveCfg = Debug|Any CPU
		{C4C69AE2-200D-4164-8E1A-C2C19ED1C55C}.Debug|Any CPU.Build.0 = Debug|Any CPU
		{C4C69AE2-200D-4164-8E1A-C2C19ED1C55C}.Debug|x64.ActiveCfg = Debug|Any CPU
		{C4C69AE2-200D-4164-8E1A-C2C19ED1C55C}.Debug|x64.Build.0 = Debug|Any CPU
		{C4C69AE2-200D-4164-8E1A-C2C19ED1C55C}.Debug|x86.ActiveCfg = Debug|Any CPU
		{C4C69AE2-200D-4164-8E1A-C2C19ED1C55C}.Debug|x86.Build.0 = Debug|Any CPU
		{C4C69AE2-200D-4164-8E1A-C2C19ED1C55C}.Release|Any CPU.ActiveCfg = Release|Any CPU
		{C4C69AE2-200D-4164-8E1A-C2C19ED1C55C}.Release|Any CPU.Build.0 = Release|Any CPU
		{C4C69AE2-200D-4164-8E1A-C2C19ED1C55C}.Release|x64.ActiveCfg = Release|Any CPU
		{C4C69AE2-200D-4164-8E1A-C2C19ED1C55C}.Release|x64.Build.0 = Release|Any CPU
		{C4C69AE2-200D-4164-8E1A-C2C19ED1C55C}.Release|x86.ActiveCfg = Release|Any CPU
		{C4C69AE2-200D-4164-8E1A-C2C19ED1C55C}.Release|x86.Build.0 = Release|Any CPU
		{FCFFCCDE-13E3-4707-AEDD-ABABA3F599FF}.Debug|Any CPU.ActiveCfg = Debug|Any CPU
		{FCFFCCDE-13E3-4707-AEDD-ABABA3F599FF}.Debug|Any CPU.Build.0 = Debug|Any CPU
		{FCFFCCDE-13E3-4707-AEDD-ABABA3F599FF}.Debug|x64.ActiveCfg = Debug|Any CPU
		{FCFFCCDE-13E3-4707-AEDD-ABABA3F599FF}.Debug|x64.Build.0 = Debug|Any CPU
		{FCFFCCDE-13E3-4707-AEDD-ABABA3F599FF}.Debug|x86.ActiveCfg = Debug|Any CPU
		{FCFFCCDE-13E3-4707-AEDD-ABABA3F599FF}.Debug|x86.Build.0 = Debug|Any CPU
		{FCFFCCDE-13E3-4707-AEDD-ABABA3F599FF}.Release|Any CPU.ActiveCfg = Release|Any CPU
		{FCFFCCDE-13E3-4707-AEDD-ABABA3F599FF}.Release|Any CPU.Build.0 = Release|Any CPU
		{FCFFCCDE-13E3-4707-AEDD-ABABA3F599FF}.Release|x64.ActiveCfg = Release|Any CPU
		{FCFFCCDE-13E3-4707-AEDD-ABABA3F599FF}.Release|x64.Build.0 = Release|Any CPU
		{FCFFCCDE-13E3-4707-AEDD-ABABA3F599FF}.Release|x86.ActiveCfg = Release|Any CPU
		{FCFFCCDE-13E3-4707-AEDD-ABABA3F599FF}.Release|x86.Build.0 = Release|Any CPU
	EndGlobalSection
	GlobalSection(SolutionProperties) = preSolution
		HideSolutionNode = FALSE
	EndGlobalSection
	GlobalSection(NestedProjects) = preSolution
		{9E3A2C5A-0EAE-4727-A188-356D87C8B134} = {827E0CD3-B72D-47B6-A68D-7590B98EB39B}
		{CC546D45-B43E-46E9-9C86-1FAB3A79B59A} = {827E0CD3-B72D-47B6-A68D-7590B98EB39B}
		{BE2AE572-494D-41B4-86BF-8C11E4F50369} = {827E0CD3-B72D-47B6-A68D-7590B98EB39B}
		{C4C69AE2-200D-4164-8E1A-C2C19ED1C55C} = {0AB3BF05-4346-4AA6-1389-037BE0695223}
		{FCFFCCDE-13E3-4707-AEDD-ABABA3F599FF} = {827E0CD3-B72D-47B6-A68D-7590B98EB39B}
	EndGlobalSection
EndGlobal
